
Microsoft Visual Studio Solution File, Format Version 12.00
# Visual Studio 15
VisualStudioVersion = 15.0.27130.2036
MinimumVisualStudioVersion = 10.0.40219.1
Project("{FAE04EC0-301F-11D3-BF4B-00C04F79EFBC}") = "Hackaton_ProjetX.Android", "Hackaton_ProjetX\Hackaton_ProjetX.Android\Hackaton_ProjetX.Android.csproj", "{43B34135-07B5-4C38-87F9-59CB6A6C3C9E}"
EndProject
Project("{FAE04EC0-301F-11D3-BF4B-00C04F79EFBC}") = "Hackaton_ProjetX.iOS", "Hackaton_ProjetX\Hackaton_ProjetX.iOS\Hackaton_ProjetX.iOS.csproj", "{6EF8F34B-4943-459F-A93D-BEB62AC4E2BD}"
EndProject
Project("{FAE04EC0-301F-11D3-BF4B-00C04F79EFBC}") = "Hackaton_ProjetX.UWP", "Hackaton_ProjetX\Hackaton_ProjetX.UWP\Hackaton_ProjetX.UWP.csproj", "{EA79DDA8-9DBD-40C3-AE1A-B40D1BAB579A}"
EndProject
Project("{FAE04EC0-301F-11D3-BF4B-00C04F79EFBC}") = "Hackaton_ProjetX", "Hackaton_ProjetX\Hackaton_ProjetX\Hackaton_ProjetX.csproj", "{4A307567-8942-4017-B627-307C9901A681}"
EndProject
Project("{FAE04EC0-301F-11D3-BF4B-00C04F79EFBC}") = "TestIRecoImage", "TestIRecoImage\TestIRecoImage.csproj", "{F756C065-3448-4FC2-8A22-F5D65FDF2170}"
EndProject
Global
	GlobalSection(SolutionConfigurationPlatforms) = preSolution
		Ad-Hoc|Any CPU = Ad-Hoc|Any CPU
		Ad-Hoc|ARM = Ad-Hoc|ARM
		Ad-Hoc|iPhone = Ad-Hoc|iPhone
		Ad-Hoc|iPhoneSimulator = Ad-Hoc|iPhoneSimulator
		Ad-Hoc|x64 = Ad-Hoc|x64
		Ad-Hoc|x86 = Ad-Hoc|x86
		AppStore|Any CPU = AppStore|Any CPU
		AppStore|ARM = AppStore|ARM
		AppStore|iPhone = AppStore|iPhone
		AppStore|iPhoneSimulator = AppStore|iPhoneSimulator
		AppStore|x64 = AppStore|x64
		AppStore|x86 = AppStore|x86
		Debug|Any CPU = Debug|Any CPU
		Debug|ARM = Debug|ARM
		Debug|iPhone = Debug|iPhone
		Debug|iPhoneSimulator = Debug|iPhoneSimulator
		Debug|x64 = Debug|x64
		Debug|x86 = Debug|x86
		Release|Any CPU = Release|Any CPU
		Release|ARM = Release|ARM
		Release|iPhone = Release|iPhone
		Release|iPhoneSimulator = Release|iPhoneSimulator
		Release|x64 = Release|x64
		Release|x86 = Release|x86
	EndGlobalSection
	GlobalSection(ProjectConfigurationPlatforms) = postSolution
		{43B34135-07B5-4C38-87F9-59CB6A6C3C9E}.Ad-Hoc|Any CPU.ActiveCfg = Release|Any CPU
		{43B34135-07B5-4C38-87F9-59CB6A6C3C9E}.Ad-Hoc|Any CPU.Build.0 = Release|Any CPU
		{43B34135-07B5-4C38-87F9-59CB6A6C3C9E}.Ad-Hoc|Any CPU.Deploy.0 = Release|Any CPU
		{43B34135-07B5-4C38-87F9-59CB6A6C3C9E}.Ad-Hoc|ARM.ActiveCfg = Release|Any CPU
		{43B34135-07B5-4C38-87F9-59CB6A6C3C9E}.Ad-Hoc|ARM.Build.0 = Release|Any CPU
		{43B34135-07B5-4C38-87F9-59CB6A6C3C9E}.Ad-Hoc|ARM.Deploy.0 = Release|Any CPU
		{43B34135-07B5-4C38-87F9-59CB6A6C3C9E}.Ad-Hoc|iPhone.ActiveCfg = Release|Any CPU
		{43B34135-07B5-4C38-87F9-59CB6A6C3C9E}.Ad-Hoc|iPhone.Build.0 = Release|Any CPU
		{43B34135-07B5-4C38-87F9-59CB6A6C3C9E}.Ad-Hoc|iPhone.Deploy.0 = Release|Any CPU
		{43B34135-07B5-4C38-87F9-59CB6A6C3C9E}.Ad-Hoc|iPhoneSimulator.ActiveCfg = Release|Any CPU
		{43B34135-07B5-4C38-87F9-59CB6A6C3C9E}.Ad-Hoc|iPhoneSimulator.Build.0 = Release|Any CPU
		{43B34135-07B5-4C38-87F9-59CB6A6C3C9E}.Ad-Hoc|iPhoneSimulator.Deploy.0 = Release|Any CPU
		{43B34135-07B5-4C38-87F9-59CB6A6C3C9E}.Ad-Hoc|x64.ActiveCfg = Release|Any CPU
		{43B34135-07B5-4C38-87F9-59CB6A6C3C9E}.Ad-Hoc|x64.Build.0 = Release|Any CPU
		{43B34135-07B5-4C38-87F9-59CB6A6C3C9E}.Ad-Hoc|x64.Deploy.0 = Release|Any CPU
		{43B34135-07B5-4C38-87F9-59CB6A6C3C9E}.Ad-Hoc|x86.ActiveCfg = Release|Any CPU
		{43B34135-07B5-4C38-87F9-59CB6A6C3C9E}.Ad-Hoc|x86.Build.0 = Release|Any CPU
		{43B34135-07B5-4C38-87F9-59CB6A6C3C9E}.Ad-Hoc|x86.Deploy.0 = Release|Any CPU
		{43B34135-07B5-4C38-87F9-59CB6A6C3C9E}.AppStore|Any CPU.ActiveCfg = Release|Any CPU
		{43B34135-07B5-4C38-87F9-59CB6A6C3C9E}.AppStore|Any CPU.Build.0 = Release|Any CPU
		{43B34135-07B5-4C38-87F9-59CB6A6C3C9E}.AppStore|Any CPU.Deploy.0 = Release|Any CPU
		{43B34135-07B5-4C38-87F9-59CB6A6C3C9E}.AppStore|ARM.ActiveCfg = Release|Any CPU
		{43B34135-07B5-4C38-87F9-59CB6A6C3C9E}.AppStore|ARM.Build.0 = Release|Any CPU
		{43B34135-07B5-4C38-87F9-59CB6A6C3C9E}.AppStore|ARM.Deploy.0 = Release|Any CPU
		{43B34135-07B5-4C38-87F9-59CB6A6C3C9E}.AppStore|iPhone.ActiveCfg = Release|Any CPU
		{43B34135-07B5-4C38-87F9-59CB6A6C3C9E}.AppStore|iPhone.Build.0 = Release|Any CPU
		{43B34135-07B5-4C38-87F9-59CB6A6C3C9E}.AppStore|iPhone.Deploy.0 = Release|Any CPU
		{43B34135-07B5-4C38-87F9-59CB6A6C3C9E}.AppStore|iPhoneSimulator.ActiveCfg = Release|Any CPU
		{43B34135-07B5-4C38-87F9-59CB6A6C3C9E}.AppStore|iPhoneSimulator.Build.0 = Release|Any CPU
		{43B34135-07B5-4C38-87F9-59CB6A6C3C9E}.AppStore|iPhoneSimulator.Deploy.0 = Release|Any CPU
		{43B34135-07B5-4C38-87F9-59CB6A6C3C9E}.AppStore|x64.ActiveCfg = Release|Any CPU
		{43B34135-07B5-4C38-87F9-59CB6A6C3C9E}.AppStore|x64.Build.0 = Release|Any CPU
		{43B34135-07B5-4C38-87F9-59CB6A6C3C9E}.AppStore|x64.Deploy.0 = Release|Any CPU
		{43B34135-07B5-4C38-87F9-59CB6A6C3C9E}.AppStore|x86.ActiveCfg = Release|Any CPU
		{43B34135-07B5-4C38-87F9-59CB6A6C3C9E}.AppStore|x86.Build.0 = Release|Any CPU
		{43B34135-07B5-4C38-87F9-59CB6A6C3C9E}.AppStore|x86.Deploy.0 = Release|Any CPU
		{43B34135-07B5-4C38-87F9-59CB6A6C3C9E}.Debug|Any CPU.ActiveCfg = Debug|Any CPU
		{43B34135-07B5-4C38-87F9-59CB6A6C3C9E}.Debug|Any CPU.Build.0 = Debug|Any CPU
		{43B34135-07B5-4C38-87F9-59CB6A6C3C9E}.Debug|Any CPU.Deploy.0 = Debug|Any CPU
		{43B34135-07B5-4C38-87F9-59CB6A6C3C9E}.Debug|ARM.ActiveCfg = Debug|Any CPU
		{43B34135-07B5-4C38-87F9-59CB6A6C3C9E}.Debug|ARM.Build.0 = Debug|Any CPU
		{43B34135-07B5-4C38-87F9-59CB6A6C3C9E}.Debug|ARM.Deploy.0 = Debug|Any CPU
		{43B34135-07B5-4C38-87F9-59CB6A6C3C9E}.Debug|iPhone.ActiveCfg = Debug|Any CPU
		{43B34135-07B5-4C38-87F9-59CB6A6C3C9E}.Debug|iPhone.Build.0 = Debug|Any CPU
		{43B34135-07B5-4C38-87F9-59CB6A6C3C9E}.Debug|iPhone.Deploy.0 = Debug|Any CPU
		{43B34135-07B5-4C38-87F9-59CB6A6C3C9E}.Debug|iPhoneSimulator.ActiveCfg = Debug|Any CPU
		{43B34135-07B5-4C38-87F9-59CB6A6C3C9E}.Debug|iPhoneSimulator.Build.0 = Debug|Any CPU
		{43B34135-07B5-4C38-87F9-59CB6A6C3C9E}.Debug|iPhoneSimulator.Deploy.0 = Debug|Any CPU
		{43B34135-07B5-4C38-87F9-59CB6A6C3C9E}.Debug|x64.ActiveCfg = Debug|Any CPU
		{43B34135-07B5-4C38-87F9-59CB6A6C3C9E}.Debug|x64.Build.0 = Debug|Any CPU
		{43B34135-07B5-4C38-87F9-59CB6A6C3C9E}.Debug|x64.Deploy.0 = Debug|Any CPU
		{43B34135-07B5-4C38-87F9-59CB6A6C3C9E}.Debug|x86.ActiveCfg = Debug|Any CPU
		{43B34135-07B5-4C38-87F9-59CB6A6C3C9E}.Debug|x86.Build.0 = Debug|Any CPU
		{43B34135-07B5-4C38-87F9-59CB6A6C3C9E}.Debug|x86.Deploy.0 = Debug|Any CPU
		{43B34135-07B5-4C38-87F9-59CB6A6C3C9E}.Release|Any CPU.ActiveCfg = Release|Any CPU
		{43B34135-07B5-4C38-87F9-59CB6A6C3C9E}.Release|Any CPU.Build.0 = Release|Any CPU
		{43B34135-07B5-4C38-87F9-59CB6A6C3C9E}.Release|Any CPU.Deploy.0 = Release|Any CPU
		{43B34135-07B5-4C38-87F9-59CB6A6C3C9E}.Release|ARM.ActiveCfg = Release|Any CPU
		{43B34135-07B5-4C38-87F9-59CB6A6C3C9E}.Release|ARM.Build.0 = Release|Any CPU
		{43B34135-07B5-4C38-87F9-59CB6A6C3C9E}.Release|ARM.Deploy.0 = Release|Any CPU
		{43B34135-07B5-4C38-87F9-59CB6A6C3C9E}.Release|iPhone.ActiveCfg = Release|Any CPU
		{43B34135-07B5-4C38-87F9-59CB6A6C3C9E}.Release|iPhone.Build.0 = Release|Any CPU
		{43B34135-07B5-4C38-87F9-59CB6A6C3C9E}.Release|iPhone.Deploy.0 = Release|Any CPU
		{43B34135-07B5-4C38-87F9-59CB6A6C3C9E}.Release|iPhoneSimulator.ActiveCfg = Release|Any CPU
		{43B34135-07B5-4C38-87F9-59CB6A6C3C9E}.Release|iPhoneSimulator.Build.0 = Release|Any CPU
		{43B34135-07B5-4C38-87F9-59CB6A6C3C9E}.Release|iPhoneSimulator.Deploy.0 = Release|Any CPU
		{43B34135-07B5-4C38-87F9-59CB6A6C3C9E}.Release|x64.ActiveCfg = Release|Any CPU
		{43B34135-07B5-4C38-87F9-59CB6A6C3C9E}.Release|x64.Build.0 = Release|Any CPU
		{43B34135-07B5-4C38-87F9-59CB6A6C3C9E}.Release|x64.Deploy.0 = Release|Any CPU
		{43B34135-07B5-4C38-87F9-59CB6A6C3C9E}.Release|x86.ActiveCfg = Release|Any CPU
		{43B34135-07B5-4C38-87F9-59CB6A6C3C9E}.Release|x86.Build.0 = Release|Any CPU
		{43B34135-07B5-4C38-87F9-59CB6A6C3C9E}.Release|x86.Deploy.0 = Release|Any CPU
		{6EF8F34B-4943-459F-A93D-BEB62AC4E2BD}.Ad-Hoc|Any CPU.ActiveCfg = Ad-Hoc|iPhone
		{6EF8F34B-4943-459F-A93D-BEB62AC4E2BD}.Ad-Hoc|ARM.ActiveCfg = Ad-Hoc|iPhone
		{6EF8F34B-4943-459F-A93D-BEB62AC4E2BD}.Ad-Hoc|iPhone.ActiveCfg = Ad-Hoc|iPhone
		{6EF8F34B-4943-459F-A93D-BEB62AC4E2BD}.Ad-Hoc|iPhone.Build.0 = Ad-Hoc|iPhone
		{6EF8F34B-4943-459F-A93D-BEB62AC4E2BD}.Ad-Hoc|iPhoneSimulator.ActiveCfg = Ad-Hoc|iPhoneSimulator
		{6EF8F34B-4943-459F-A93D-BEB62AC4E2BD}.Ad-Hoc|iPhoneSimulator.Build.0 = Ad-Hoc|iPhoneSimulator
		{6EF8F34B-4943-459F-A93D-BEB62AC4E2BD}.Ad-Hoc|x64.ActiveCfg = Ad-Hoc|iPhone
		{6EF8F34B-4943-459F-A93D-BEB62AC4E2BD}.Ad-Hoc|x86.ActiveCfg = Ad-Hoc|iPhone
		{6EF8F34B-4943-459F-A93D-BEB62AC4E2BD}.AppStore|Any CPU.ActiveCfg = AppStore|iPhone
		{6EF8F34B-4943-459F-A93D-BEB62AC4E2BD}.AppStore|ARM.ActiveCfg = AppStore|iPhone
		{6EF8F34B-4943-459F-A93D-BEB62AC4E2BD}.AppStore|iPhone.ActiveCfg = AppStore|iPhone
		{6EF8F34B-4943-459F-A93D-BEB62AC4E2BD}.AppStore|iPhone.Build.0 = AppStore|iPhone
		{6EF8F34B-4943-459F-A93D-BEB62AC4E2BD}.AppStore|iPhoneSimulator.ActiveCfg = AppStore|iPhoneSimulator
		{6EF8F34B-4943-459F-A93D-BEB62AC4E2BD}.AppStore|iPhoneSimulator.Build.0 = AppStore|iPhoneSimulator
		{6EF8F34B-4943-459F-A93D-BEB62AC4E2BD}.AppStore|x64.ActiveCfg = AppStore|iPhone
		{6EF8F34B-4943-459F-A93D-BEB62AC4E2BD}.AppStore|x86.ActiveCfg = AppStore|iPhone
		{6EF8F34B-4943-459F-A93D-BEB62AC4E2BD}.Debug|Any CPU.ActiveCfg = Debug|iPhone
		{6EF8F34B-4943-459F-A93D-BEB62AC4E2BD}.Debug|ARM.ActiveCfg = Debug|iPhone
		{6EF8F34B-4943-459F-A93D-BEB62AC4E2BD}.Debug|iPhone.ActiveCfg = Debug|iPhone
		{6EF8F34B-4943-459F-A93D-BEB62AC4E2BD}.Debug|iPhone.Build.0 = Debug|iPhone
		{6EF8F34B-4943-459F-A93D-BEB62AC4E2BD}.Debug|iPhoneSimulator.ActiveCfg = Debug|iPhoneSimulator
		{6EF8F34B-4943-459F-A93D-BEB62AC4E2BD}.Debug|iPhoneSimulator.Build.0 = Debug|iPhoneSimulator
		{6EF8F34B-4943-459F-A93D-BEB62AC4E2BD}.Debug|x64.ActiveCfg = Debug|iPhone
		{6EF8F34B-4943-459F-A93D-BEB62AC4E2BD}.Debug|x86.ActiveCfg = Debug|iPhone
		{6EF8F34B-4943-459F-A93D-BEB62AC4E2BD}.Release|Any CPU.ActiveCfg = Release|iPhone
		{6EF8F34B-4943-459F-A93D-BEB62AC4E2BD}.Release|ARM.ActiveCfg = Release|iPhone
		{6EF8F34B-4943-459F-A93D-BEB62AC4E2BD}.Release|iPhone.ActiveCfg = Release|iPhone
		{6EF8F34B-4943-459F-A93D-BEB62AC4E2BD}.Release|iPhone.Build.0 = Release|iPhone
		{6EF8F34B-4943-459F-A93D-BEB62AC4E2BD}.Release|iPhoneSimulator.ActiveCfg = Release|iPhoneSimulator
		{6EF8F34B-4943-459F-A93D-BEB62AC4E2BD}.Release|iPhoneSimulator.Build.0 = Release|iPhoneSimulator
		{6EF8F34B-4943-459F-A93D-BEB62AC4E2BD}.Release|x64.ActiveCfg = Release|iPhone
		{6EF8F34B-4943-459F-A93D-BEB62AC4E2BD}.Release|x86.ActiveCfg = Release|iPhone
		{EA79DDA8-9DBD-40C3-AE1A-B40D1BAB579A}.Ad-Hoc|Any CPU.ActiveCfg = Release|x86
		{EA79DDA8-9DBD-40C3-AE1A-B40D1BAB579A}.Ad-Hoc|Any CPU.Build.0 = Release|x86
		{EA79DDA8-9DBD-40C3-AE1A-B40D1BAB579A}.Ad-Hoc|Any CPU.Deploy.0 = Release|x86
		{EA79DDA8-9DBD-40C3-AE1A-B40D1BAB579A}.Ad-Hoc|ARM.ActiveCfg = Release|ARM
		{EA79DDA8-9DBD-40C3-AE1A-B40D1BAB579A}.Ad-Hoc|ARM.Build.0 = Release|ARM
		{EA79DDA8-9DBD-40C3-AE1A-B40D1BAB579A}.Ad-Hoc|ARM.Deploy.0 = Release|ARM
		{EA79DDA8-9DBD-40C3-AE1A-B40D1BAB579A}.Ad-Hoc|iPhone.ActiveCfg = Release|x86
		{EA79DDA8-9DBD-40C3-AE1A-B40D1BAB579A}.Ad-Hoc|iPhone.Build.0 = Release|x86
		{EA79DDA8-9DBD-40C3-AE1A-B40D1BAB579A}.Ad-Hoc|iPhone.Deploy.0 = Release|x86
		{EA79DDA8-9DBD-40C3-AE1A-B40D1BAB579A}.Ad-Hoc|iPhoneSimulator.ActiveCfg = Release|x86
		{EA79DDA8-9DBD-40C3-AE1A-B40D1BAB579A}.Ad-Hoc|iPhoneSimulator.Build.0 = Release|x86
		{EA79DDA8-9DBD-40C3-AE1A-B40D1BAB579A}.Ad-Hoc|iPhoneSimulator.Deploy.0 = Release|x86
		{EA79DDA8-9DBD-40C3-AE1A-B40D1BAB579A}.Ad-Hoc|x64.ActiveCfg = Release|x64
		{EA79DDA8-9DBD-40C3-AE1A-B40D1BAB579A}.Ad-Hoc|x64.Build.0 = Release|x64
		{EA79DDA8-9DBD-40C3-AE1A-B40D1BAB579A}.Ad-Hoc|x64.Deploy.0 = Release|x64
		{EA79DDA8-9DBD-40C3-AE1A-B40D1BAB579A}.Ad-Hoc|x86.ActiveCfg = Release|x86
		{EA79DDA8-9DBD-40C3-AE1A-B40D1BAB579A}.Ad-Hoc|x86.Build.0 = Release|x86
		{EA79DDA8-9DBD-40C3-AE1A-B40D1BAB579A}.Ad-Hoc|x86.Deploy.0 = Release|x86
		{EA79DDA8-9DBD-40C3-AE1A-B40D1BAB579A}.AppStore|Any CPU.ActiveCfg = Release|x86
		{EA79DDA8-9DBD-40C3-AE1A-B40D1BAB579A}.AppStore|Any CPU.Build.0 = Release|x86
		{EA79DDA8-9DBD-40C3-AE1A-B40D1BAB579A}.AppStore|Any CPU.Deploy.0 = Release|x86
		{EA79DDA8-9DBD-40C3-AE1A-B40D1BAB579A}.AppStore|ARM.ActiveCfg = Release|ARM
		{EA79DDA8-9DBD-40C3-AE1A-B40D1BAB579A}.AppStore|ARM.Build.0 = Release|ARM
		{EA79DDA8-9DBD-40C3-AE1A-B40D1BAB579A}.AppStore|ARM.Deploy.0 = Release|ARM
		{EA79DDA8-9DBD-40C3-AE1A-B40D1BAB579A}.AppStore|iPhone.ActiveCfg = Release|x86
		{EA79DDA8-9DBD-40C3-AE1A-B40D1BAB579A}.AppStore|iPhone.Build.0 = Release|x86
		{EA79DDA8-9DBD-40C3-AE1A-B40D1BAB579A}.AppStore|iPhone.Deploy.0 = Release|x86
		{EA79DDA8-9DBD-40C3-AE1A-B40D1BAB579A}.AppStore|iPhoneSimulator.ActiveCfg = Release|x86
		{EA79DDA8-9DBD-40C3-AE1A-B40D1BAB579A}.AppStore|iPhoneSimulator.Build.0 = Release|x86
		{EA79DDA8-9DBD-40C3-AE1A-B40D1BAB579A}.AppStore|iPhoneSimulator.Deploy.0 = Release|x86
		{EA79DDA8-9DBD-40C3-AE1A-B40D1BAB579A}.AppStore|x64.ActiveCfg = Release|x64
		{EA79DDA8-9DBD-40C3-AE1A-B40D1BAB579A}.AppStore|x64.Build.0 = Release|x64
		{EA79DDA8-9DBD-40C3-AE1A-B40D1BAB579A}.AppStore|x64.Deploy.0 = Release|x64
		{EA79DDA8-9DBD-40C3-AE1A-B40D1BAB579A}.AppStore|x86.ActiveCfg = Release|x86
		{EA79DDA8-9DBD-40C3-AE1A-B40D1BAB579A}.AppStore|x86.Build.0 = Release|x86
		{EA79DDA8-9DBD-40C3-AE1A-B40D1BAB579A}.AppStore|x86.Deploy.0 = Release|x86
		{EA79DDA8-9DBD-40C3-AE1A-B40D1BAB579A}.Debug|Any CPU.ActiveCfg = Debug|x86
		{EA79DDA8-9DBD-40C3-AE1A-B40D1BAB579A}.Debug|ARM.ActiveCfg = Debug|ARM
		{EA79DDA8-9DBD-40C3-AE1A-B40D1BAB579A}.Debug|ARM.Build.0 = Debug|ARM
		{EA79DDA8-9DBD-40C3-AE1A-B40D1BAB579A}.Debug|ARM.Deploy.0 = Debug|ARM
		{EA79DDA8-9DBD-40C3-AE1A-B40D1BAB579A}.Debug|iPhone.ActiveCfg = Debug|x86
		{EA79DDA8-9DBD-40C3-AE1A-B40D1BAB579A}.Debug|iPhoneSimulator.ActiveCfg = Debug|x86
		{EA79DDA8-9DBD-40C3-AE1A-B40D1BAB579A}.Debug|x64.ActiveCfg = Debug|x64
		{EA79DDA8-9DBD-40C3-AE1A-B40D1BAB579A}.Debug|x64.Build.0 = Debug|x64
		{EA79DDA8-9DBD-40C3-AE1A-B40D1BAB579A}.Debug|x64.Deploy.0 = Debug|x64
		{EA79DDA8-9DBD-40C3-AE1A-B40D1BAB579A}.Debug|x86.ActiveCfg = Debug|x86
		{EA79DDA8-9DBD-40C3-AE1A-B40D1BAB579A}.Debug|x86.Build.0 = Debug|x86
		{EA79DDA8-9DBD-40C3-AE1A-B40D1BAB579A}.Debug|x86.Deploy.0 = Debug|x86
		{EA79DDA8-9DBD-40C3-AE1A-B40D1BAB579A}.Release|Any CPU.ActiveCfg = Release|x86
		{EA79DDA8-9DBD-40C3-AE1A-B40D1BAB579A}.Release|ARM.ActiveCfg = Release|ARM
		{EA79DDA8-9DBD-40C3-AE1A-B40D1BAB579A}.Release|ARM.Build.0 = Release|ARM
		{EA79DDA8-9DBD-40C3-AE1A-B40D1BAB579A}.Release|ARM.Deploy.0 = Release|ARM
		{EA79DDA8-9DBD-40C3-AE1A-B40D1BAB579A}.Release|iPhone.ActiveCfg = Release|x86
		{EA79DDA8-9DBD-40C3-AE1A-B40D1BAB579A}.Release|iPhoneSimulator.ActiveCfg = Release|x86
		{EA79DDA8-9DBD-40C3-AE1A-B40D1BAB579A}.Release|x64.ActiveCfg = Release|x64
		{EA79DDA8-9DBD-40C3-AE1A-B40D1BAB579A}.Release|x64.Build.0 = Release|x64
		{EA79DDA8-9DBD-40C3-AE1A-B40D1BAB579A}.Release|x64.Deploy.0 = Release|x64
		{EA79DDA8-9DBD-40C3-AE1A-B40D1BAB579A}.Release|x86.ActiveCfg = Release|x86
		{EA79DDA8-9DBD-40C3-AE1A-B40D1BAB579A}.Release|x86.Build.0 = Release|x86
		{EA79DDA8-9DBD-40C3-AE1A-B40D1BAB579A}.Release|x86.Deploy.0 = Release|x86
		{4A307567-8942-4017-B627-307C9901A681}.Ad-Hoc|Any CPU.ActiveCfg = Debug|Any CPU
		{4A307567-8942-4017-B627-307C9901A681}.Ad-Hoc|Any CPU.Build.0 = Debug|Any CPU
		{4A307567-8942-4017-B627-307C9901A681}.Ad-Hoc|ARM.ActiveCfg = Debug|Any CPU
		{4A307567-8942-4017-B627-307C9901A681}.Ad-Hoc|ARM.Build.0 = Debug|Any CPU
		{4A307567-8942-4017-B627-307C9901A681}.Ad-Hoc|iPhone.ActiveCfg = Debug|Any CPU
		{4A307567-8942-4017-B627-307C9901A681}.Ad-Hoc|iPhone.Build.0 = Debug|Any CPU
		{4A307567-8942-4017-B627-307C9901A681}.Ad-Hoc|iPhoneSimulator.ActiveCfg = Debug|Any CPU
		{4A307567-8942-4017-B627-307C9901A681}.Ad-Hoc|iPhoneSimulator.Build.0 = Debug|Any CPU
		{4A307567-8942-4017-B627-307C9901A681}.Ad-Hoc|x64.ActiveCfg = Debug|Any CPU
		{4A307567-8942-4017-B627-307C9901A681}.Ad-Hoc|x64.Build.0 = Debug|Any CPU
		{4A307567-8942-4017-B627-307C9901A681}.Ad-Hoc|x86.ActiveCfg = Debug|Any CPU
		{4A307567-8942-4017-B627-307C9901A681}.Ad-Hoc|x86.Build.0 = Debug|Any CPU
		{4A307567-8942-4017-B627-307C9901A681}.AppStore|Any CPU.ActiveCfg = Debug|Any CPU
		{4A307567-8942-4017-B627-307C9901A681}.AppStore|Any CPU.Build.0 = Debug|Any CPU
		{4A307567-8942-4017-B627-307C9901A681}.AppStore|ARM.ActiveCfg = Debug|Any CPU
		{4A307567-8942-4017-B627-307C9901A681}.AppStore|ARM.Build.0 = Debug|Any CPU
		{4A307567-8942-4017-B627-307C9901A681}.AppStore|iPhone.ActiveCfg = Debug|Any CPU
		{4A307567-8942-4017-B627-307C9901A681}.AppStore|iPhone.Build.0 = Debug|Any CPU
		{4A307567-8942-4017-B627-307C9901A681}.AppStore|iPhoneSimulator.ActiveCfg = Debug|Any CPU
		{4A307567-8942-4017-B627-307C9901A681}.AppStore|iPhoneSimulator.Build.0 = Debug|Any CPU
		{4A307567-8942-4017-B627-307C9901A681}.AppStore|x64.ActiveCfg = Debug|Any CPU
		{4A307567-8942-4017-B627-307C9901A681}.AppStore|x64.Build.0 = Debug|Any CPU
		{4A307567-8942-4017-B627-307C9901A681}.AppStore|x86.ActiveCfg = Debug|Any CPU
		{4A307567-8942-4017-B627-307C9901A681}.AppStore|x86.Build.0 = Debug|Any CPU
		{4A307567-8942-4017-B627-307C9901A681}.Debug|Any CPU.ActiveCfg = Debug|Any CPU
		{4A307567-8942-4017-B627-307C9901A681}.Debug|Any CPU.Build.0 = Debug|Any CPU
		{4A307567-8942-4017-B627-307C9901A681}.Debug|ARM.ActiveCfg = Debug|Any CPU
		{4A307567-8942-4017-B627-307C9901A681}.Debug|ARM.Build.0 = Debug|Any CPU
		{4A307567-8942-4017-B627-307C9901A681}.Debug|iPhone.ActiveCfg = Debug|Any CPU
		{4A307567-8942-4017-B627-307C9901A681}.Debug|iPhone.Build.0 = Debug|Any CPU
		{4A307567-8942-4017-B627-307C9901A681}.Debug|iPhoneSimulator.ActiveCfg = Debug|Any CPU
		{4A307567-8942-4017-B627-307C9901A681}.Debug|iPhoneSimulator.Build.0 = Debug|Any CPU
		{4A307567-8942-4017-B627-307C9901A681}.Debug|x64.ActiveCfg = Debug|Any CPU
		{4A307567-8942-4017-B627-307C9901A681}.Debug|x64.Build.0 = Debug|Any CPU
		{4A307567-8942-4017-B627-307C9901A681}.Debug|x86.ActiveCfg = Debug|Any CPU
		{4A307567-8942-4017-B627-307C9901A681}.Debug|x86.Build.0 = Debug|Any CPU
		{4A307567-8942-4017-B627-307C9901A681}.Release|Any CPU.ActiveCfg = Release|Any CPU
		{4A307567-8942-4017-B627-307C9901A681}.Release|Any CPU.Build.0 = Release|Any CPU
		{4A307567-8942-4017-B627-307C9901A681}.Release|ARM.ActiveCfg = Release|Any CPU
		{4A307567-8942-4017-B627-307C9901A681}.Release|ARM.Build.0 = Release|Any CPU
		{4A307567-8942-4017-B627-307C9901A681}.Release|iPhone.ActiveCfg = Release|Any CPU
		{4A307567-8942-4017-B627-307C9901A681}.Release|iPhone.Build.0 = Release|Any CPU
		{4A307567-8942-4017-B627-307C9901A681}.Release|iPhoneSimulator.ActiveCfg = Release|Any CPU
		{4A307567-8942-4017-B627-307C9901A681}.Release|iPhoneSimulator.Build.0 = Release|Any CPU
		{4A307567-8942-4017-B627-307C9901A681}.Release|x64.ActiveCfg = Release|Any CPU
		{4A307567-8942-4017-B627-307C9901A681}.Release|x64.Build.0 = Release|Any CPU
		{4A307567-8942-4017-B627-307C9901A681}.Release|x86.ActiveCfg = Release|Any CPU
		{4A307567-8942-4017-B627-307C9901A681}.Release|x86.Build.0 = Release|Any CPU
		{F756C065-3448-4FC2-8A22-F5D65FDF2170}.Ad-Hoc|Any CPU.ActiveCfg = Release|Any CPU
		{F756C065-3448-4FC2-8A22-F5D65FDF2170}.Ad-Hoc|Any CPU.Build.0 = Release|Any CPU
		{F756C065-3448-4FC2-8A22-F5D65FDF2170}.Ad-Hoc|ARM.ActiveCfg = Release|Any CPU
		{F756C065-3448-4FC2-8A22-F5D65FDF2170}.Ad-Hoc|ARM.Build.0 = Release|Any CPU
		{F756C065-3448-4FC2-8A22-F5D65FDF2170}.Ad-Hoc|iPhone.ActiveCfg = Release|Any CPU
		{F756C065-3448-4FC2-8A22-F5D65FDF2170}.Ad-Hoc|iPhone.Build.0 = Release|Any CPU
		{F756C065-3448-4FC2-8A22-F5D65FDF2170}.Ad-Hoc|iPhoneSimulator.ActiveCfg = Release|Any CPU
		{F756C065-3448-4FC2-8A22-F5D65FDF2170}.Ad-Hoc|iPhoneSimulator.Build.0 = Release|Any CPU
		{F756C065-3448-4FC2-8A22-F5D65FDF2170}.Ad-Hoc|x64.ActiveCfg = Release|Any CPU
		{F756C065-3448-4FC2-8A22-F5D65FDF2170}.Ad-Hoc|x64.Build.0 = Release|Any CPU
		{F756C065-3448-4FC2-8A22-F5D65FDF2170}.Ad-Hoc|x86.ActiveCfg = Release|Any CPU
		{F756C065-3448-4FC2-8A22-F5D65FDF2170}.Ad-Hoc|x86.Build.0 = Release|Any CPU
		{F756C065-3448-4FC2-8A22-F5D65FDF2170}.AppStore|Any CPU.ActiveCfg = Release|Any CPU
		{F756C065-3448-4FC2-8A22-F5D65FDF2170}.AppStore|Any CPU.Build.0 = Release|Any CPU
		{F756C065-3448-4FC2-8A22-F5D65FDF2170}.AppStore|ARM.ActiveCfg = Release|Any CPU
		{F756C065-3448-4FC2-8A22-F5D65FDF2170}.AppStore|ARM.Build.0 = Release|Any CPU
		{F756C065-3448-4FC2-8A22-F5D65FDF2170}.AppStore|iPhone.ActiveCfg = Release|Any CPU
		{F756C065-3448-4FC2-8A22-F5D65FDF2170}.AppStore|iPhone.Build.0 = Release|Any CPU
		{F756C065-3448-4FC2-8A22-F5D65FDF2170}.AppStore|iPhoneSimulator.ActiveCfg = Release|Any CPU
		{F756C065-3448-4FC2-8A22-F5D65FDF2170}.AppStore|iPhoneSimulator.Build.0 = Release|Any CPU
		{F756C065-3448-4FC2-8A22-F5D65FDF2170}.AppStore|x64.ActiveCfg = Release|Any CPU
		{F756C065-3448-4FC2-8A22-F5D65FDF2170}.AppStore|x64.Build.0 = Release|Any CPU
		{F756C065-3448-4FC2-8A22-F5D65FDF2170}.AppStore|x86.ActiveCfg = Release|Any CPU
		{F756C065-3448-4FC2-8A22-F5D65FDF2170}.AppStore|x86.Build.0 = Release|Any CPU
		{F756C065-3448-4FC2-8A22-F5D65FDF2170}.Debug|Any CPU.ActiveCfg = Debug|Any CPU
		{F756C065-3448-4FC2-8A22-F5D65FDF2170}.Debug|Any CPU.Build.0 = Debug|Any CPU
		{F756C065-3448-4FC2-8A22-F5D65FDF2170}.Debug|ARM.ActiveCfg = Debug|Any CPU
		{F756C065-3448-4FC2-8A22-F5D65FDF2170}.Debug|ARM.Build.0 = Debug|Any CPU
		{F756C065-3448-4FC2-8A22-F5D65FDF2170}.Debug|iPhone.ActiveCfg = Debug|Any CPU
		{F756C065-3448-4FC2-8A22-F5D65FDF2170}.Debug|iPhone.Build.0 = Debug|Any CPU
		{F756C065-3448-4FC2-8A22-F5D65FDF2170}.Debug|iPhoneSimulator.ActiveCfg = Debug|Any CPU
		{F756C065-3448-4FC2-8A22-F5D65FDF2170}.Debug|iPhoneSimulator.Build.0 = Debug|Any CPU
		{F756C065-3448-4FC2-8A22-F5D65FDF2170}.Debug|x64.ActiveCfg = Debug|Any CPU
		{F756C065-3448-4FC2-8A22-F5D65FDF2170}.Debug|x64.Build.0 = Debug|Any CPU
		{F756C065-3448-4FC2-8A22-F5D65FDF2170}.Debug|x86.ActiveCfg = Debug|Any CPU
		{F756C065-3448-4FC2-8A22-F5D65FDF2170}.Debug|x86.Build.0 = Debug|Any CPU
		{F756C065-3448-4FC2-8A22-F5D65FDF2170}.Release|Any CPU.ActiveCfg = Release|Any CPU
		{F756C065-3448-4FC2-8A22-F5D65FDF2170}.Release|Any CPU.Build.0 = Release|Any CPU
		{F756C065-3448-4FC2-8A22-F5D65FDF2170}.Release|ARM.ActiveCfg = Release|Any CPU
		{F756C065-3448-4FC2-8A22-F5D65FDF2170}.Release|ARM.Build.0 = Release|Any CPU
		{F756C065-3448-4FC2-8A22-F5D65FDF2170}.Release|iPhone.ActiveCfg = Release|Any CPU
		{F756C065-3448-4FC2-8A22-F5D65FDF2170}.Release|iPhone.Build.0 = Release|Any CPU
		{F756C065-3448-4FC2-8A22-F5D65FDF2170}.Release|iPhoneSimulator.ActiveCfg = Release|Any CPU
		{F756C065-3448-4FC2-8A22-F5D65FDF2170}.Release|iPhoneSimulator.Build.0 = Release|Any CPU
		{F756C065-3448-4FC2-8A22-F5D65FDF2170}.Release|x64.ActiveCfg = Release|Any CPU
		{F756C065-3448-4FC2-8A22-F5D65FDF2170}.Release|x64.Build.0 = Release|Any CPU
		{F756C065-3448-4FC2-8A22-F5D65FDF2170}.Release|x86.ActiveCfg = Release|Any CPU
		{F756C065-3448-4FC2-8A22-F5D65FDF2170}.Release|x86.Build.0 = Release|Any CPU
	EndGlobalSection
	GlobalSection(SolutionProperties) = preSolution
		HideSolutionNode = FALSE
	EndGlobalSection
	GlobalSection(ExtensibilityGlobals) = postSolution
		SolutionGuid = {FE89B852-9B88-41CC-962B-6908B70954B4}
	EndGlobalSection
EndGlobal
